github.com/zzl/go-com v1.2.0 h1:HBvIFaCljEWpGP9cwaffnJn4dbuVqYnhw/Tuj3DX+ss=
github.com/zzl/go-com v1.2.0/go.mod h1:CqxZIW7esmEdUf7RERnulATfjo6U3a4X7E3OaUYcslc=
github.com/zzl/go-win32api v1.1.2 h1:7ne3H9ktETh5RaI1mgsPL6a7tMzz2uupM+KqaBZYYnA=
github.com/zzl/go-win32api v1.1.2/go.mod h1:iWVjU/KzuwzqGpgBZdQ6Z4JqFXeSPIzantVIkcyD4b4=
golang.org/x/sys v0.0.0-20220330033206-e17cdc41300f h1:rlezHXNlxYWvBCzNses9Dlc7nGFaNMJeqLolcmQSSZY=
golang.org/x/sys v0.0.0-20220330033206-e17cdc41300f/go.mod h1:oPkhp1MJrh7nUepCBck5+mAzfO9JrbApNNgaTdGDITg=
